
Microsoft Visual Studio Solution File, Format Version 12.00
# Visual Studio Version 16
VisualStudioVersion = 16.0.31911.196
MinimumVisualStudioVersion = 10.0.40219.1
Project("{FAE04EC0-301F-11D3-BF4B-00C04F79EFBC}") = "InboxAPI", "InboxAPI\InboxAPI.csproj", "{8E83F743-8941-490B-A538-1E9EB7469EA0}"
EndProject
Global
	GlobalSection(SolutionConfigurationPlatforms) = preSolution
		Debug|Any CPU = Debug|Any CPU
		Release|Any CPU = Release|Any CPU
	EndGlobalSection
	GlobalSection(ProjectConfigurationPlatforms) = postSolution
		{8E83F743-8941-490B-A538-1E9EB7469EA0}.Debug|Any CPU.ActiveCfg = Debug|Any CPU
		{8E83F743-8941-490B-A538-1E9EB7469EA0}.Debug|Any CPU.Build.0 = Debug|Any CPU
		{8E83F743-8941-490B-A538-1E9EB7469EA0}.Release|Any CPU.ActiveCfg = Release|Any CPU
		{8E83F743-8941-490B-A538-1E9EB7469EA0}.Release|Any CPU.Build.0 = Release|Any CPU
	EndGlobalSection
	GlobalSection(SolutionProperties) = preSolution
		HideSolutionNode = FALSE
	EndGlobalSection
	GlobalSection(ExtensibilityGlobals) = postSolution
		SolutionGuid = {DE705B14-97AD-49C2-AC83-BB5B9196C6F4}
	EndGlobalSection
EndGlobal
